
Microsoft Visual Studio Solution File, Format Version 12.00
# Visual Studio Version 17
VisualStudioVersion = 17.3.32929.385
MinimumVisualStudioVersion = 10.0.40219.1
Project("{FAE04EC0-301F-11D3-BF4B-00C04F79EFBC}") = "HomeWork17", "HomeWork17\HomeWork17.csproj", "{5EA36F9F-CFF3-4E01-A645-5184EC09D90B}"
EndProject
Global
	GlobalSection(SolutionConfigurationPlatforms) = preSolution
		Debug|Any CPU = Debug|Any CPU
		Release|Any CPU = Release|Any CPU
	EndGlobalSection
	GlobalSection(ProjectConfigurationPlatforms) = postSolution
		{5EA36F9F-CFF3-4E01-A645-5184EC09D90B}.Debug|Any CPU.ActiveCfg = Debug|Any CPU
		{5EA36F9F-CFF3-4E01-A645-5184EC09D90B}.Debug|Any CPU.Build.0 = Debug|Any CPU
		{5EA36F9F-CFF3-4E01-A645-5184EC09D90B}.Release|Any CPU.ActiveCfg = Release|Any CPU
		{5EA36F9F-CFF3-4E01-A645-5184EC09D90B}.Release|Any CPU.Build.0 = Release|Any CPU
	EndGlobalSection
	GlobalSection(SolutionProperties) = preSolution
		HideSolutionNode = FALSE
	EndGlobalSection
	GlobalSection(ExtensibilityGlobals) = postSolution
		SolutionGuid = {0891BDFB-25F4-42E8-9C4B-2FDB06E5F435}
	EndGlobalSection
EndGlobal
